// !$*UTF8*$!
{
	archiveVersion = 1;
	classes = {
	};
	objectVersion = 46;
	objects = {

/* Begin PBXBuildFile section */
		AAA792A41F50B16F00EF6552 /* anothertab.swift in Sources */ = {isa = PBXBuildFile; fileRef = AAA792A31F50B16F00EF6552 /* anothertab.swift */; };
		AAB6350F1EE063EA003C0D7A /* AppDelegate.swift in Sources */ = {isa = PBXBuildFile; fileRef = AAB6350E1EE063EA003C0D7A /* AppDelegate.swift */; };
		AAB635141EE063EA003C0D7A /* Main.storyboard in Resources */ = {isa = PBXBuildFile; fileRef = AAB635121EE063EA003C0D7A /* Main.storyboard */; };
		AAB635161EE063EA003C0D7A /* Assets.xcassets in Resources */ = {isa = PBXBuildFile; fileRef = AAB635151EE063EA003C0D7A /* Assets.xcassets */; };
		AAB635191EE063EA003C0D7A /* LaunchScreen.storyboard in Resources */ = {isa = PBXBuildFile; fileRef = AAB635171EE063EA003C0D7A /* LaunchScreen.storyboard */; };
		AAB635241EE063EA003C0D7A /* WordTrotterTests.swift in Sources */ = {isa = PBXBuildFile; fileRef = AAB635231EE063EA003C0D7A /* WordTrotterTests.swift */; };
		AAB6352F1EE063EA003C0D7A /* WordTrotterUITests.swift in Sources */ = {isa = PBXBuildFile; fileRef = AAB6352E1EE063EA003C0D7A /* WordTrotterUITests.swift */; };
		AAB6353D1EE0AB3C003C0D7A /* ConversionViewController.swift in Sources */ = {isa = PBXBuildFile; fileRef = AAB6353C1EE0AB3C003C0D7A /* ConversionViewController.swift */; };
		AAD032D41F40F30A00BD5621 /* MapKit.framework in Frameworks */ = {isa = PBXBuildFile; fileRef = AAD032D31F40F30A00BD5621 /* MapKit.framework */; };
		AAD032D61F45351300BD5621 /* MapViewController.swift in Sources */ = {isa = PBXBuildFile; fileRef = AAD032D51F45351300BD5621 /* MapViewController.swift */; };
/* End PBXBuildFile section */

/* Begin PBXContainerItemProxy section */
		AAB635201EE063EA003C0D7A /* PBXContainerItemProxy */ = {
			isa = PBXContainerItemProxy;
			containerPortal = AAB635031EE063EA003C0D7A /* Project object */;
			proxyType = 1;
			remoteGlobalIDString = AAB6350A1EE063EA003C0D7A;
			remoteInfo = WordTrotter;
		};
		AAB6352B1EE063EA003C0D7A /* PBXContainerItemProxy */ = {
			isa = PBXContainerItemProxy;
			containerPortal = AAB635031EE063EA003C0D7A /* Project object */;
			proxyType = 1;
			remoteGlobalIDString = AAB6350A1EE063EA003C0D7A;
			remoteInfo = WordTrotter;
		};
/* End PBXContainerItemProxy section */

/* Begin PBXFileReference section */
		AAA792A31F50B16F00EF6552 /* anothertab.swift */ = {isa = PBXFileReference; fileEncoding = 4; lastKnownFileType = sourcecode.swift; name = anothertab.swift; path = ../anothertab.swift; sourceTree = "<group>"; };
		AAA792A61F565E8300EF6552 /* en */ = {isa = PBXFileReference; lastKnownFileType = text.plist.strings; name = en; path = en.lproj/Main.strings; sourceTree = "<group>"; };
		AAA792A71F565F5900EF6552 /* es */ = {isa = PBXFileReference; lastKnownFileType = text.plist.strings; name = es; path = es.lproj/Main.strings; sourceTree = "<group>"; };
		AAB6350B1EE063EA003C0D7A /* WordTrotter.app */ = {isa = PBXFileReference; explicitFileType = wrapper.application; includeInIndex = 0; path = WordTrotter.app; sourceTree = BUILT_PRODUCTS_DIR; };
		AAB6350E1EE063EA003C0D7A /* AppDelegate.swift */ = {isa = PBXFileReference; lastKnownFileType = sourcecode.swift; path = AppDelegate.swift; sourceTree = "<group>"; };
		AAB635131EE063EA003C0D7A /* Base */ = {isa = PBXFileReference; lastKnownFileType = file.storyboard; name = Base; path = Base.lproj/Main.storyboard; sourceTree = "<group>"; };
		AAB635151EE063EA003C0D7A /* Assets.xcassets */ = {isa = PBXFileReference; lastKnownFileType = folder.assetcatalog; path = Assets.xcassets; sourceTree = "<group>"; };
		AAB635181EE063EA003C0D7A /* Base */ = {isa = PBXFileReference; lastKnownFileType = file.storyboard; name = Base; path = Base.lproj/LaunchScreen.storyboard; sourceTree = "<group>"; };
		AAB6351A1EE063EA003C0D7A /* Info.plist */ = {isa = PBXFileReference; lastKnownFileType = text.plist.xml; path = Info.plist; sourceTree = "<group>"; };
		AAB6351F1EE063EA003C0D7A /* WordTrotterTests.xctest */ = {isa = PBXFileReference; explicitFileType = wrapper.cfbundle; includeInIndex = 0; path = WordTrotterTests.xctest; sourceTree = BUILT_PRODUCTS_DIR; };
		AAB635231EE063EA003C0D7A /* WordTrotterTests.swift */ = {isa = PBXFileReference; lastKnownFileType = sourcecode.swift; path = WordTrotterTests.swift; sourceTree = "<group>"; };
		AAB635251EE063EA003C0D7A /* Info.plist */ = {isa = PBXFileReference; lastKnownFileType = text.plist.xml; path = Info.plist; sourceTree = "<group>"; };
		AAB6352A1EE063EA003C0D7A /* WordTrotterUITests.xctest */ = {isa = PBXFileReference; explicitFileType = wrapper.cfbundle; includeInIndex = 0; path = WordTrotterUITests.xctest; sourceTree = BUILT_PRODUCTS_DIR; };
		AAB6352E1EE063EA003C0D7A /* WordTrotterUITests.swift */ = {isa = PBXFileReference; lastKnownFileType = sourcecode.swift; path = WordTrotterUITests.swift; sourceTree = "<group>"; };
		AAB635301EE063EA003C0D7A /* Info.plist */ = {isa = PBXFileReference; lastKnownFileType = text.plist.xml; path = Info.plist; sourceTree = "<group>"; };
		AAB6353C1EE0AB3C003C0D7A /* ConversionViewController.swift */ = {isa = PBXFileReference; fileEncoding = 4; lastKnownFileType = sourcecode.swift; path = ConversionViewController.swift; sourceTree = "<group>"; };
		AAD032D31F40F30A00BD5621 /* MapKit.framework */ = {isa = PBXFileReference; lastKnownFileType = wrapper.framework; name = MapKit.framework; path = System/Library/Frameworks/MapKit.framework; sourceTree = SDKROOT; };
		AAD032D51F45351300BD5621 /* MapViewController.swift */ = {isa = PBXFileReference; fileEncoding = 4; lastKnownFileType = sourcecode.swift; path = MapViewController.swift; sourceTree = "<group>"; };
/* End PBXFileReference section */

/* Begin PBXFrameworksBuildPhase section */
		AAB635081EE063EA003C0D7A /* Frameworks */ = {
			isa = PBXFrameworksBuildPhase;
			buildActionMask = 2147483647;
			files = (
				AAD032D41F40F30A00BD5621 /* MapKit.framework in Frameworks */,
			);
			runOnlyForDeploymentPostprocessing = 0;
		};
		AAB6351C1EE063EA003C0D7A /* Frameworks */ = {
			isa = PBXFrameworksBuildPhase;
			buildActionMask = 2147483647;
			files = (
			);
			runOnlyForDeploymentPostprocessing = 0;
		};
		AAB635271EE063EA003C0D7A /* Frameworks */ = {
			isa = PBXFrameworksBuildPhase;
			buildActionMask = 2147483647;
			files = (
			);
			runOnlyForDeploymentPostprocessing = 0;
		};
/* End PBXFrameworksBuildPhase section */

/* Begin PBXGroup section */
		AAB635021EE063EA003C0D7A = {
			isa = PBXGroup;
			children = (
				AAB6350D1EE063EA003C0D7A /* WordTrotter */,
				AAB635221EE063EA003C0D7A /* WordTrotterTests */,
				AAB6352D1EE063EA003C0D7A /* WordTrotterUITests */,
				AAB6350C1EE063EA003C0D7A /* Products */,
				AAD032D21F40F30A00BD5621 /* Frameworks */,
			);
			sourceTree = "<group>";
		};
		AAB6350C1EE063EA003C0D7A /* Products */ = {
			isa = PBXGroup;
			children = (
				AAB6350B1EE063EA003C0D7A /* WordTrotter.app */,
				AAB6351F1EE063EA003C0D7A /* WordTrotterTests.xctest */,
				AAB6352A1EE063EA003C0D7A /* WordTrotterUITests.xctest */,
			);
			name = Products;
			sourceTree = "<group>";
		};
		AAB6350D1EE063EA003C0D7A /* WordTrotter */ = {
			isa = PBXGroup;
			children = (
				AAB6350E1EE063EA003C0D7A /* AppDelegate.swift */,
				AAA792A31F50B16F00EF6552 /* anothertab.swift */,
				AAB635121EE063EA003C0D7A /* Main.storyboard */,
				AAB6353C1EE0AB3C003C0D7A /* ConversionViewController.swift */,
				AAD032D51F45351300BD5621 /* MapViewController.swift */,
				AAB635151EE063EA003C0D7A /* Assets.xcassets */,
				AAB635171EE063EA003C0D7A /* LaunchScreen.storyboard */,
				AAB6351A1EE063EA003C0D7A /* Info.plist */,
			);
			path = WordTrotter;
			sourceTree = "<group>";
		};
		AAB635221EE063EA003C0D7A /* WordTrotterTests */ = {
			isa = PBXGroup;
			children = (
				AAB635231EE063EA003C0D7A /* WordTrotterTests.swift */,
				AAB635251EE063EA003C0D7A /* Info.plist */,
			);
			path = WordTrotterTests;
			sourceTree = "<group>";
		};
		AAB6352D1EE063EA003C0D7A /* WordTrotterUITests */ = {
			isa = PBXGroup;
			children = (
				AAB6352E1EE063EA003C0D7A /* WordTrotterUITests.swift */,
				AAB635301EE063EA003C0D7A /* Info.plist */,
			);
			path = WordTrotterUITests;
			sourceTree = "<group>";
		};
		AAD032D21F40F30A00BD5621 /* Frameworks */ = {
			isa = PBXGroup;
			children = (
				AAD032D31F40F30A00BD5621 /* MapKit.framework */,
			);
			name = Frameworks;
			sourceTree = "<group>";
		};
/* End PBXGroup section */

/* Begin PBXNativeTarget section */
		AAB6350A1EE063EA003C0D7A /* WordTrotter */ = {
			isa = PBXNativeTarget;
			buildConfigurationList = AAB635331EE063EA003C0D7A /* Build configuration list for PBXNativeTarget "WordTrotter" */;
			buildPhases = (
				AAB635071EE063EA003C0D7A /* Sources */,
				AAB635081EE063EA003C0D7A /* Frameworks */,
				AAB635091EE063EA003C0D7A /* Resources */,
			);
			buildRules = (
			);
			dependencies = (
			);
			name = WordTrotter;
			productName = WordTrotter;
			productReference = AAB6350B1EE063EA003C0D7A /* WordTrotter.app */;
			productType = "com.apple.product-type.application";
		};
		AAB6351E1EE063EA003C0D7A /* WordTrotterTests */ = {
			isa = PBXNativeTarget;
			buildConfigurationList = AAB635361EE063EA003C0D7A /* Build configuration list for PBXNativeTarget "WordTrotterTests" */;
			buildPhases = (
				AAB6351B1EE063EA003C0D7A /* Sources */,
				AAB6351C1EE063EA003C0D7A /* Frameworks */,
				AAB6351D1EE063EA003C0D7A /* Resources */,
			);
			buildRules = (
			);
			dependencies = (
				AAB635211EE063EA003C0D7A /* PBXTargetDependency */,
			);
			name = WordTrotterTests;
			productName = WordTrotterTests;
			productReference = AAB6351F1EE063EA003C0D7A /* WordTrotterTests.xctest */;
			productType = "com.apple.product-type.bundle.unit-test";
		};
		AAB635291EE063EA003C0D7A /* WordTrotterUITests */ = {
			isa = PBXNativeTarget;
			buildConfigurationList = AAB635391EE063EA003C0D7A /* Build configuration list for PBXNativeTarget "WordTrotterUITests" */;
			buildPhases = (
				AAB635261EE063EA003C0D7A /* Sources */,
				AAB635271EE063EA003C0D7A /* Frameworks */,
				AAB635281EE063EA003C0D7A /* Resources */,
			);
			buildRules = (
			);
			dependencies = (
				AAB6352C1EE063EA003C0D7A /* PBXTargetDependency */,
			);
			name = WordTrotterUITests;
			productName = WordTrotterUITests;
			productReference = AAB6352A1EE063EA003C0D7A /* WordTrotterUITests.xctest */;
			productType = "com.apple.product-type.bundle.ui-testing";
		};
/* End PBXNativeTarget section */

/* Begin PBXProject section */
		AAB635031EE063EA003C0D7A /* Project object */ = {
			isa = PBXProject;
			attributes = {
				LastSwiftUpdateCheck = 0830;
				LastUpgradeCheck = 0920;
				ORGANIZATIONNAME = "Brian Guo";
				TargetAttributes = {
					AAB6350A1EE063EA003C0D7A = {
						CreatedOnToolsVersion = 8.3.2;
						LastSwiftMigration = 0920;
						ProvisioningStyle = Automatic;
					};
					AAB6351E1EE063EA003C0D7A = {
						CreatedOnToolsVersion = 8.3.2;
						LastSwiftMigration = 0920;
						ProvisioningStyle = Automatic;
						TestTargetID = AAB6350A1EE063EA003C0D7A;
					};
					AAB635291EE063EA003C0D7A = {
						CreatedOnToolsVersion = 8.3.2;
						LastSwiftMigration = 0920;
						ProvisioningStyle = Automatic;
						TestTargetID = AAB6350A1EE063EA003C0D7A;
					};
				};
			};
			buildConfigurationList = AAB635061EE063EA003C0D7A /* Build configuration list for PBXProject "WordTrotter" */;
			compatibilityVersion = "Xcode 3.2";
			developmentRegion = English;
			hasScannedForEncodings = 0;
			knownRegions = (
				en,
				Base,
			);
			mainGroup = AAB635021EE063EA003C0D7A;
			productRefGroup = AAB6350C1EE063EA003C0D7A /* Products */;
			projectDirPath = "";
			projectRoot = "";
			targets = (
				AAB6350A1EE063EA003C0D7A /* WordTrotter */,
				AAB6351E1EE063EA003C0D7A /* WordTrotterTests */,
				AAB635291EE063EA003C0D7A /* WordTrotterUITests */,
			);
		};
/* End PBXProject section */

/* Begin PBXResourcesBuildPhase section */
		AAB635091EE063EA003C0D7A /* Resources */ = {
			isa = PBXResourcesBuildPhase;
			buildActionMask = 2147483647;
			files = (
				AAB635191EE063EA003C0D7A /* LaunchScreen.storyboard in Resources */,
				AAB635161EE063EA003C0D7A /* Assets.xcassets in Resources */,
				AAB635141EE063EA003C0D7A /* Main.storyboard in Resources */,
			);
			runOnlyForDeploymentPostprocessing = 0;
		};
		AAB6351D1EE063EA003C0D7A /* Resources */ = {
			isa = PBXResourcesBuildPhase;
			buildActionMask = 2147483647;
			files = (
			);
			runOnlyForDeploymentPostprocessing = 0;
		};
		AAB635281EE063EA003C0D7A /* Resources */ = {
			isa = PBXResourcesBuildPhase;
			buildActionMask = 2147483647;
			files = (
			);
			runOnlyForDeploymentPostprocessing = 0;
		};
/* End PBXResourcesBuildPhase section */

/* Begin PBXSourcesBuildPhase section */
		AAB635071EE063EA003C0D7A /* Sources */ = {
			isa = PBXSourcesBuildPhase;
			buildActionMask = 2147483647;
			files = (
				AAB6353D1EE0AB3C003C0D7A /* ConversionViewController.swift in Sources */,
				AAD032D61F45351300BD5621 /* MapViewController.swift in Sources */,
				AAB6350F1EE063EA003C0D7A /* AppDelegate.swift in Sources */,
				AAA792A41F50B16F00EF6552 /* anothertab.swift in Sources */,
			);
			runOnlyForDeploymentPostprocessing = 0;
		};
		AAB6351B1EE063EA003C0D7A /* Sources */ = {
			isa = PBXSourcesBuildPhase;
			buildActionMask = 2147483647;
			files = (
				AAB635241EE063EA003C0D7A /* WordTrotterTests.swift in Sources */,
			);
			runOnlyForDeploymentPostprocessing = 0;
		};
		AAB635261EE063EA003C0D7A /* Sources */ = {
			isa = PBXSourcesBuildPhase;
			buildActionMask = 2147483647;
			files = (
				AAB6352F1EE063EA003C0D7A /* WordTrotterUITests.swift in Sources */,
			);
			runOnlyForDeploymentPostprocessing = 0;
		};
/* End PBXSourcesBuildPhase section */

/* Begin PBXTargetDependency section */
		AAB635211EE063EA003C0D7A /* PBXTargetDependency */ = {
			isa = PBXTargetDependency;
			target = AAB6350A1EE063EA003C0D7A /* WordTrotter */;
			targetProxy = AAB635201EE063EA003C0D7A /* PBXContainerItemProxy */;
		};
		AAB6352C1EE063EA003C0D7A /* PBXTargetDependency */ = {
			isa = PBXTargetDependency;
			target = AAB6350A1EE063EA003C0D7A /* WordTrotter */;
			targetProxy = AAB6352B1EE063EA003C0D7A /* PBXContainerItemProxy */;
		};
/* End PBXTargetDependency section */

/* Begin PBXVariantGroup section */
		AAB635121EE063EA003C0D7A /* Main.storyboard */ = {
			isa = PBXVariantGroup;
			children = (
				AAB635131EE063EA003C0D7A /* Base */,
				AAA792A61F565E8300EF6552 /* en */,
				AAA792A71F565F5900EF6552 /* es */,
			);
			name = Main.storyboard;
			sourceTree = "<group>";
		};
		AAB635171EE063EA003C0D7A /* LaunchScreen.storyboard */ = {
			isa = PBXVariantGroup;
			children = (
				AAB635181EE063EA003C0D7A /* Base */,
			);
			name = LaunchScreen.storyboard;
			sourceTree = "<group>";
		};
/* End PBXVariantGroup section */

/* Begin XCBuildConfiguration section */
		AAB635311EE063EA003C0D7A /* Debug */ = {
			isa = XCBuildConfiguration;
			buildSettings = {
				ALWAYS_SEARCH_USER_PATHS = NO;
				CLANG_ANALYZER_LOCALIZABILITY_NONLOCALIZED = YES;
				CLANG_ANALYZER_NONNULL = YES;
				CLANG_ANALYZER_NUMBER_OBJECT_CONVERSION = YES_AGGRESSIVE;
				CLANG_CXX_LANGUAGE_STANDARD = "gnu++0x";
				CLANG_CXX_LIBRARY = "libc++";
				CLANG_ENABLE_MODULES = YES;
				CLANG_ENABLE_OBJC_ARC = YES;
				CLANG_WARN_BLOCK_CAPTURE_AUTORELEASING = YES;
				CLANG_WARN_BOOL_CONVERSION = YES;
				CLANG_WARN_COMMA = YES;
				CLANG_WARN_CONSTANT_CONVERSION = YES;
				CLANG_WARN_DIRECT_OBJC_ISA_USAGE = YES_ERROR;
				CLANG_WARN_DOCUMENTATION_COMMENTS = YES;
				CLANG_WARN_EMPTY_BODY = YES;
				CLANG_WARN_ENUM_CONVERSION = YES;
				CLANG_WARN_INFINITE_RECURSION = YES;
				CLANG_WARN_INT_CONVERSION = YES;
				CLANG_WARN_NON_LITERAL_NULL_CONVERSION = YES;
				CLANG_WARN_OBJC_LITERAL_CONVERSION = YES;
				CLANG_WARN_OBJC_ROOT_CLASS = YES_ERROR;
				CLANG_WARN_RANGE_LOOP_ANALYSIS = YES;
				CLANG_WARN_STRICT_PROTOTYPES = YES;
				CLANG_WARN_SUSPICIOUS_MOVE = YES;
				CLANG_WARN_UNREACHABLE_CODE = YES;
				CLANG_WARN__DUPLICATE_METHOD_MATCH = YES;
				"CODE_SIGN_IDENTITY[sdk=iphoneos*]" = "iPhone Developer";
				COPY_PHASE_STRIP = NO;
				DEBUG_INFORMATION_FORMAT = dwarf;
				ENABLE_STRICT_OBJC_MSGSEND = YES;
				ENABLE_TESTABILITY = YES;
				GCC_C_LANGUAGE_STANDARD = gnu99;
				GCC_DYNAMIC_NO_PIC = NO;
				GCC_NO_COMMON_BLOCKS = YES;
				GCC_OPTIMIZATION_LEVEL = 0;
				GCC_PREPROCESSOR_DEFINITIONS = (
					"DEBUG=1",
					"$(inherited)",
				);
				GCC_WARN_64_TO_32_BIT_CONVERSION = YES;
				GCC_WARN_ABOUT_RETURN_TYPE = YES_ERROR;
				GCC_WARN_UNDECLARED_SELECTOR = YES;
				GCC_WARN_UNINITIALIZED_AUTOS = YES_AGGRESSIVE;
				GCC_WARN_UNUSED_FUNCTION = YES;
				GCC_WARN_UNUSED_VARIABLE = YES;
				IPHONEOS_DEPLOYMENT_TARGET = 10.3;
				MTL_ENABLE_DEBUG_INFO = YES;
				ONLY_ACTIVE_ARCH = YES;
				SDKROOT = iphoneos;
				SWIFT_ACTIVE_COMPILATION_CONDITIONS = DEBUG;
				SWIFT_OPTIMIZATION_LEVEL = "-Onone";
				TARGETED_DEVICE_FAMILY = "1,2";
			};
			name = Debug;
		};
		AAB635321EE063EA003C0D7A /* Release */ = {
			isa = XCBuildConfiguration;
			buildSettings = {
				ALWAYS_SEARCH_USER_PATHS = NO;
				CLANG_ANALYZER_LOCALIZABILITY_NONLOCALIZED = YES;
				CLANG_ANALYZER_NONNULL = YES;
				CLANG_ANALYZER_NUMBER_OBJECT_CONVERSION = YES_AGGRESSIVE;
				CLANG_CXX_LANGUAGE_STANDARD = "gnu++0x";
				CLANG_CXX_LIBRARY = "libc++";
				CLANG_ENABLE_MODULES = YES;
				CLANG_ENABLE_OBJC_ARC = YES;
				CLANG_WARN_BLOCK_CAPTURE_AUTORELEASING = YES;
				CLANG_WARN_BOOL_CONVERSION = YES;
				CLANG_WARN_COMMA = YES;
				CLANG_WARN_CONSTANT_CONVERSION = YES;
				CLANG_WARN_DIRECT_OBJC_ISA_USAGE = YES_ERROR;
				CLANG_WARN_DOCUMENTATION_COMMENTS = YES;
				CLANG_WARN_EMPTY_BODY = YES;
				CLANG_WARN_ENUM_CONVERSION = YES;
				CLANG_WARN_INFINITE_RECURSION = YES;
				CLANG_WARN_INT_CONVERSION = YES;
				CLANG_WARN_NON_LITERAL_NULL_CONVERSION = YES;
				CLANG_WARN_OBJC_LITERAL_CONVERSION = YES;
				CLANG_WARN_OBJC_ROOT_CLASS = YES_ERROR;
				CLANG_WARN_RANGE_LOOP_ANALYSIS = YES;
				CLANG_WARN_STRICT_PROTOTYPES = YES;
				CLANG_WARN_SUSPICIOUS_MOVE = YES;
				CLANG_WARN_UNREACHABLE_CODE = YES;
				CLANG_WARN__DUPLICATE_METHOD_MATCH = YES;
				"CODE_SIGN_IDENTITY[sdk=iphoneos*]" = "iPhone Developer";
				COPY_PHASE_STRIP = NO;
				DEBUG_INFORMATION_FORMAT = "dwarf-with-dsym";
				ENABLE_NS_ASSERTIONS = NO;
				ENABLE_STRICT_OBJC_MSGSEND = YES;
				GCC_C_LANGUAGE_STANDARD = gnu99;
				GCC_NO_COMMON_BLOCKS = YES;
				GCC_WARN_64_TO_32_BIT_CONVERSION = YES;
				GCC_WARN_ABOUT_RETURN_TYPE = YES_ERROR;
				GCC_WARN_UNDECLARED_SELECTOR = YES;
				GCC_WARN_UNINITIALIZED_AUTOS = YES_AGGRESSIVE;
				GCC_WARN_UNUSED_FUNCTION = YES;
				GCC_WARN_UNUSED_VARIABLE = YES;
				IPHONEOS_DEPLOYMENT_TARGET = 10.3;
				MTL_ENABLE_DEBUG_INFO = NO;
				SDKROOT = iphoneos;
				SWIFT_OPTIMIZATION_LEVEL = "-Owholemodule";
				TARGETED_DEVICE_FAMILY = "1,2";
				VALIDATE_PRODUCT = YES;
			};
			name = Release;
		};
		AAB635341EE063EA003C0D7A /* Debug */ = {
			isa = XCBuildConfiguration;
			buildSettings = {
				ASSETCATALOG_COMPILER_APPICON_NAME = AppIcon;
				INFOPLIST_FILE = WordTrotter/Info.plist;
				LD_RUNPATH_SEARCH_PATHS = "$(inherited) @executable_path/Frameworks";
				PRODUCT_BUNDLE_IDENTIFIER = com.bet.WordTrotter;
				PRODUCT_NAME = "$(TARGET_NAME)";
				SWIFT_SWIFT3_OBJC_INFERENCE = On;
				SWIFT_VERSION = 4.0;
			};
			name = Debug;
		};
		AAB635351EE063EA003C0D7A /* Release */ = {
			isa = XCBuildConfiguration;
			buildSettings = {
				ASSETCATALOG_COMPILER_APPICON_NAME = AppIcon;
				INFOPLIST_FILE = WordTrotter/Info.plist;
				LD_RUNPATH_SEARCH_PATHS = "$(inherited) @executable_path/Frameworks";
				PRODUCT_BUNDLE_IDENTIFIER = com.bet.WordTrotter;
				PRODUCT_NAME = "$(TARGET_NAME)";
				SWIFT_SWIFT3_OBJC_INFERENCE = On;
				SWIFT_VERSION = 4.0;
			};
			name = Release;
		};
		AAB635371EE063EA003C0D7A /* Debug */ = {
			isa = XCBuildConfiguration;
			buildSettings = {
				ALWAYS_EMBED_SWIFT_STANDARD_LIBRARIES = YES;
				BUNDLE_LOADER = "$(TEST_HOST)";
				INFOPLIST_FILE = WordTrotterTests/Info.plist;
				LD_RUNPATH_SEARCH_PATHS = "$(inherited) @executable_path/Frameworks @loader_path/Frameworks";
				PRODUCT_BUNDLE_IDENTIFIER = com.bet.WordTrotterTests;
				PRODUCT_NAME = "$(TARGET_NAME)";
				SWIFT_SWIFT3_OBJC_INFERENCE = On;
				SWIFT_VERSION = 4.0;
				TEST_HOST = "$(BUILT_PRODUCTS_DIR)/WordTrotter.app/WordTrotter";
			};
			name = Debug;
		};
		AAB635381EE063EA003C0D7A /* Release */ = {
			isa = XCBuildConfiguration;
			buildSettings = {
				ALWAYS_EMBED_SWIFT_STANDARD_LIBRARIES = YES;
				BUNDLE_LOADER = "$(TEST_HOST)";
				INFOPLIST_FILE = WordTrotterTests/Info.plist;
				LD_RUNPATH_SEARCH_PATHS = "$(inherited) @executable_path/Frameworks @loader_path/Frameworks";
				PRODUCT_BUNDLE_IDENTIFIER = com.bet.WordTrotterTests;
				PRODUCT_NAME = "$(TARGET_NAME)";
				SWIFT_SWIFT3_OBJC_INFERENCE = On;
				SWIFT_VERSION = 4.0;
				TEST_HOST = "$(BUILT_PRODUCTS_DIR)/WordTrotter.app/WordTrotter";
			};
			name = Release;
		};
		AAB6353A1EE063EA003C0D7A /* Debug */ = {
			isa = XCBuildConfiguration;
			buildSettings = {
				ALWAYS_EMBED_SWIFT_STANDARD_LIBRARIES = YES;
				INFOPLIST_FILE = WordTrotterUITests/Info.plist;
				LD_RUNPATH_SEARCH_PATHS = "$(inherited) @executable_path/Frameworks @loader_path/Frameworks";
				PRODUCT_BUNDLE_IDENTIFIER = com.bet.WordTrotterUITests;
				PRODUCT_NAME = "$(TARGET_NAME)";
				SWIFT_SWIFT3_OBJC_INFERENCE = On;
				SWIFT_VERSION = 4.0;
				TEST_TARGET_NAME = WordTrotter;
			};
			name = Debug;
		};
		AAB6353B1EE063EA003C0D7A /* Release */ = {
			isa = XCBuildConfiguration;
			buildSettings = {
				ALWAYS_EMBED_SWIFT_STANDARD_LIBRARIES = YES;
				INFOPLIST_FILE = WordTrotterUITests/Info.plist;
				LD_RUNPATH_SEARCH_PATHS = "$(inherited) @executable_path/Frameworks @loader_path/Frameworks";
				PRODUCT_BUNDLE_IDENTIFIER = com.bet.WordTrotterUITests;
				PRODUCT_NAME = "$(TARGET_NAME)";
				SWIFT_SWIFT3_OBJC_INFERENCE = On;
				SWIFT_VERSION = 4.0;
				TEST_TARGET_NAME = WordTrotter;
			};
			name = Release;
		};
/* End XCBuildConfiguration section */

/* Begin XCConfigurationList section */
		AAB635061EE063EA003C0D7A /* Build configuration list for PBXProject "WordTrotter" */ = {
			isa = XCConfigurationList;
			buildConfigurations = (
				AAB635311EE063EA003C0D7A /* Debug */,
				AAB635321EE063EA003C0D7A /* Release */,
			);
			defaultConfigurationIsVisible = 0;
			defaultConfigurationName = Release;
		};
		AAB635331EE063EA003C0D7A /* Build configuration list for PBXNativeTarget "WordTrotter" */ = {
			isa = XCConfigurationList;
			buildConfigurations = (
				AAB635341EE063EA003C0D7A /* Debug */,
				AAB635351EE063EA003C0D7A /* Release */,
			);
			defaultConfigurationIsVisible = 0;
			defaultConfigurationName = Release;
		};
		AAB635361EE063EA003C0D7A /* Build configuration list for PBXNativeTarget "WordTrotterTests" */ = {
			isa = XCConfigurationList;
			buildConfigurations = (
				AAB635371EE063EA003C0D7A /* Debug */,
				AAB635381EE063EA003C0D7A /* Release */,
			);
			defaultConfigurationIsVisible = 0;
			defaultConfigurationName = Release;
		};
		AAB635391EE063EA003C0D7A /* Build configuration list for PBXNativeTarget "WordTrotterUITests" */ = {
			isa = XCConfigurationList;
			buildConfigurations = (
				AAB6353A1EE063EA003C0D7A /* Debug */,
				AAB6353B1EE063EA003C0D7A /* Release */,
			);
			defaultConfigurationIsVisible = 0;
			defaultConfigurationName = Release;
		};
/* End XCConfigurationList section */
	};
	rootObject = AAB635031EE063EA003C0D7A /* Project object */;
}
